// !$*UTF8*$!
{
	archiveVersion = 1;
	classes = {
	};
	objectVersion = 48;
	objects = {

/* Begin PBXBuildFile section */
		6D441C4720B47104009C5703 /* AppDelegate.swift in Sources */ = {isa = PBXBuildFile; fileRef = 6D441C4620B47104009C5703 /* AppDelegate.swift */; };
		6D441C4920B47104009C5703 /* ViewController.swift in Sources */ = {isa = PBXBuildFile; fileRef = 6D441C4820B47104009C5703 /* ViewController.swift */; };
		6D441C4C20B47104009C5703 /* Main.storyboard in Resources */ = {isa = PBXBuildFile; fileRef = 6D441C4A20B47104009C5703 /* Main.storyboard */; };
		6D441C4E20B47104009C5703 /* Assets.xcassets in Resources */ = {isa = PBXBuildFile; fileRef = 6D441C4D20B47104009C5703 /* Assets.xcassets */; };
		6D441C5120B47104009C5703 /* LaunchScreen.storyboard in Resources */ = {isa = PBXBuildFile; fileRef = 6D441C4F20B47104009C5703 /* LaunchScreen.storyboard */; };
		6D441C5C20B47104009C5703 /* testForMemoryLeakTests.swift in Sources */ = {isa = PBXBuildFile; fileRef = 6D441C5B20B47104009C5703 /* testForMemoryLeakTests.swift */; };
		6D441C6720B47104009C5703 /* testForMemoryLeakUITests.swift in Sources */ = {isa = PBXBuildFile; fileRef = 6D441C6620B47104009C5703 /* testForMemoryLeakUITests.swift */; };
/* End PBXBuildFile section */

/* Begin PBXContainerItemProxy section */
		6D441C5820B47104009C5703 /* PBXContainerItemProxy */ = {
			isa = PBXContainerItemProxy;
			containerPortal = 6D441C3B20B47104009C5703 /* Project object */;
			proxyType = 1;
			remoteGlobalIDString = 6D441C4220B47104009C5703;
			remoteInfo = testForMemoryLeak;
		};
		6D441C6320B47104009C5703 /* PBXContainerItemProxy */ = {
			isa = PBXContainerItemProxy;
			containerPortal = 6D441C3B20B47104009C5703 /* Project object */;
			proxyType = 1;
			remoteGlobalIDString = 6D441C4220B47104009C5703;
			remoteInfo = testForMemoryLeak;
		};
/* End PBXContainerItemProxy section */

/* Begin PBXFileReference section */
		6D441C4320B47104009C5703 /* testForMemoryLeak.app */ = {isa = PBXFileReference; explicitFileType = wrapper.application; includeInIndex = 0; path = testForMemoryLeak.app; sourceTree = BUILT_PRODUCTS_DIR; };
		6D441C4620B47104009C5703 /* AppDelegate.swift */ = {isa = PBXFileReference; lastKnownFileType = sourcecode.swift; path = AppDelegate.swift; sourceTree = "<group>"; };
		6D441C4820B47104009C5703 /* ViewController.swift */ = {isa = PBXFileReference; lastKnownFileType = sourcecode.swift; path = ViewController.swift; sourceTree = "<group>"; };
		6D441C4B20B47104009C5703 /* Base */ = {isa = PBXFileReference; lastKnownFileType = file.storyboard; name = Base; path = Base.lproj/Main.storyboard; sourceTree = "<group>"; };
		6D441C4D20B47104009C5703 /* Assets.xcassets */ = {isa = PBXFileReference; lastKnownFileType = folder.assetcatalog; path = Assets.xcassets; sourceTree = "<group>"; };
		6D441C5020B47104009C5703 /* Base */ = {isa = PBXFileReference; lastKnownFileType = file.storyboard; name = Base; path = Base.lproj/LaunchScreen.storyboard; sourceTree = "<group>"; };
		6D441C5220B47104009C5703 /* Info.plist */ = {isa = PBXFileReference; lastKnownFileType = text.plist.xml; path = Info.plist; sourceTree = "<group>"; };
		6D441C5720B47104009C5703 /* testForMemoryLeakTests.xctest */ = {isa = PBXFileReference; explicitFileType = wrapper.cfbundle; includeInIndex = 0; path = testForMemoryLeakTests.xctest; sourceTree = BUILT_PRODUCTS_DIR; };
		6D441C5B20B47104009C5703 /* testForMemoryLeakTests.swift */ = {isa = PBXFileReference; lastKnownFileType = sourcecode.swift; path = testForMemoryLeakTests.swift; sourceTree = "<group>"; };
		6D441C5D20B47104009C5703 /* Info.plist */ = {isa = PBXFileReference; lastKnownFileType = text.plist.xml; path = Info.plist; sourceTree = "<group>"; };
		6D441C6220B47104009C5703 /* testForMemoryLeakUITests.xctest */ = {isa = PBXFileReference; explicitFileType = wrapper.cfbundle; includeInIndex = 0; path = testForMemoryLeakUITests.xctest; sourceTree = BUILT_PRODUCTS_DIR; };
		6D441C6620B47104009C5703 /* testForMemoryLeakUITests.swift */ = {isa = PBXFileReference; lastKnownFileType = sourcecode.swift; path = testForMemoryLeakUITests.swift; sourceTree = "<group>"; };
		6D441C6820B47104009C5703 /* Info.plist */ = {isa = PBXFileReference; lastKnownFileType = text.plist.xml; path = Info.plist; sourceTree = "<group>"; };
/* End PBXFileReference section */

/* Begin PBXFrameworksBuildPhase section */
		6D441C4020B47104009C5703 /* Frameworks */ = {
			isa = PBXFrameworksBuildPhase;
			buildActionMask = 2147483647;
			files = (
			);
			runOnlyForDeploymentPostprocessing = 0;
		};
		6D441C5420B47104009C5703 /* Frameworks */ = {
			isa = PBXFrameworksBuildPhase;
			buildActionMask = 2147483647;
			files = (
			);
			runOnlyForDeploymentPostprocessing = 0;
		};
		6D441C5F20B47104009C5703 /* Frameworks */ = {
			isa = PBXFrameworksBuildPhase;
			buildActionMask = 2147483647;
			files = (
			);
			runOnlyForDeploymentPostprocessing = 0;
		};
/* End PBXFrameworksBuildPhase section */

/* Begin PBXGroup section */
		6D441C3A20B47104009C5703 = {
			isa = PBXGroup;
			children = (
				6D441C4520B47104009C5703 /* testForMemoryLeak */,
				6D441C5A20B47104009C5703 /* testForMemoryLeakTests */,
				6D441C6520B47104009C5703 /* testForMemoryLeakUITests */,
				6D441C4420B47104009C5703 /* Products */,
			);
			sourceTree = "<group>";
		};
		6D441C4420B47104009C5703 /* Products */ = {
			isa = PBXGroup;
			children = (
				6D441C4320B47104009C5703 /* testForMemoryLeak.app */,
				6D441C5720B47104009C5703 /* testForMemoryLeakTests.xctest */,
				6D441C6220B47104009C5703 /* testForMemoryLeakUITests.xctest */,
			);
			name = Products;
			sourceTree = "<group>";
		};
		6D441C4520B47104009C5703 /* testForMemoryLeak */ = {
			isa = PBXGroup;
			children = (
				6D441C4620B47104009C5703 /* AppDelegate.swift */,
				6D441C4820B47104009C5703 /* ViewController.swift */,
				6D441C4A20B47104009C5703 /* Main.storyboard */,
				6D441C4D20B47104009C5703 /* Assets.xcassets */,
				6D441C4F20B47104009C5703 /* LaunchScreen.storyboard */,
				6D441C5220B47104009C5703 /* Info.plist */,
			);
			path = testForMemoryLeak;
			sourceTree = "<group>";
		};
		6D441C5A20B47104009C5703 /* testForMemoryLeakTests */ = {
			isa = PBXGroup;
			children = (
				6D441C5B20B47104009C5703 /* testForMemoryLeakTests.swift */,
				6D441C5D20B47104009C5703 /* Info.plist */,
			);
			path = testForMemoryLeakTests;
			sourceTree = "<group>";
		};
		6D441C6520B47104009C5703 /* testForMemoryLeakUITests */ = {
			isa = PBXGroup;
			children = (
				6D441C6620B47104009C5703 /* testForMemoryLeakUITests.swift */,
				6D441C6820B47104009C5703 /* Info.plist */,
			);
			path = testForMemoryLeakUITests;
			sourceTree = "<group>";
		};
/* End PBXGroup section */

/* Begin PBXNativeTarget section */
		6D441C4220B47104009C5703 /* testForMemoryLeak */ = {
			isa = PBXNativeTarget;
			buildConfigurationList = 6D441C6B20B47104009C5703 /* Build configuration list for PBXNativeTarget "testForMemoryLeak" */;
			buildPhases = (
				6D441C3F20B47104009C5703 /* Sources */,
				6D441C4020B47104009C5703 /* Frameworks */,
				6D441C4120B47104009C5703 /* Resources */,
			);
			buildRules = (
			);
			dependencies = (
			);
			name = testForMemoryLeak;
			productName = testForMemoryLeak;
			productReference = 6D441C4320B47104009C5703 /* testForMemoryLeak.app */;
			productType = "com.apple.product-type.application";
		};
		6D441C5620B47104009C5703 /* testForMemoryLeakTests */ = {
			isa = PBXNativeTarget;
			buildConfigurationList = 6D441C6E20B47104009C5703 /* Build configuration list for PBXNativeTarget "testForMemoryLeakTests" */;
			buildPhases = (
				6D441C5320B47104009C5703 /* Sources */,
				6D441C5420B47104009C5703 /* Frameworks */,
				6D441C5520B47104009C5703 /* Resources */,
			);
			buildRules = (
			);
			dependencies = (
				6D441C5920B47104009C5703 /* PBXTargetDependency */,
			);
			name = testForMemoryLeakTests;
			productName = testForMemoryLeakTests;
			productReference = 6D441C5720B47104009C5703 /* testForMemoryLeakTests.xctest */;
			productType = "com.apple.product-type.bundle.unit-test";
		};
		6D441C6120B47104009C5703 /* testForMemoryLeakUITests */ = {
			isa = PBXNativeTarget;
			buildConfigurationList = 6D441C7120B47104009C5703 /* Build configuration list for PBXNativeTarget "testForMemoryLeakUITests" */;
			buildPhases = (
				6D441C5E20B47104009C5703 /* Sources */,
				6D441C5F20B47104009C5703 /* Frameworks */,
				6D441C6020B47104009C5703 /* Resources */,
			);
			buildRules = (
			);
			dependencies = (
				6D441C6420B47104009C5703 /* PBXTargetDependency */,
			);
			name = testForMemoryLeakUITests;
			productName = testForMemoryLeakUITests;
			productReference = 6D441C6220B47104009C5703 /* testForMemoryLeakUITests.xctest */;
			productType = "com.apple.product-type.bundle.ui-testing";
		};
/* End PBXNativeTarget section */

/* Begin PBXProject section */
		6D441C3B20B47104009C5703 /* Project object */ = {
			isa = PBXProject;
			attributes = {
				LastSwiftUpdateCheck = 0920;
				LastUpgradeCheck = 0920;
				ORGANIZATIONNAME = kidnapper;
				TargetAttributes = {
					6D441C4220B47104009C5703 = {
						CreatedOnToolsVersion = 9.2;
						ProvisioningStyle = Automatic;
					};
					6D441C5620B47104009C5703 = {
						CreatedOnToolsVersion = 9.2;
						ProvisioningStyle = Automatic;
						TestTargetID = 6D441C4220B47104009C5703;
					};
					6D441C6120B47104009C5703 = {
						CreatedOnToolsVersion = 9.2;
						ProvisioningStyle = Automatic;
						TestTargetID = 6D441C4220B47104009C5703;
					};
				};
			};
			buildConfigurationList = 6D441C3E20B47104009C5703 /* Build configuration list for PBXProject "testForMemoryLeak" */;
			compatibilityVersion = "Xcode 8.0";
			developmentRegion = en;
			hasScannedForEncodings = 0;
			knownRegions = (
				en,
				Base,
			);
			mainGroup = 6D441C3A20B47104009C5703;
			productRefGroup = 6D441C4420B47104009C5703 /* Products */;
			projectDirPath = "";
			projectRoot = "";
			targets = (
				6D441C4220B47104009C5703 /* testForMemoryLeak */,
				6D441C5620B47104009C5703 /* testForMemoryLeakTests */,
				6D441C6120B47104009C5703 /* testForMemoryLeakUITests */,
			);
		};
/* End PBXProject section */

/* Begin PBXResourcesBuildPhase section */
		6D441C4120B47104009C5703 /* Resources */ = {
			isa = PBXResourcesBuildPhase;
			buildActionMask = 2147483647;
			files = (
				6D441C5120B47104009C5703 /* LaunchScreen.storyboard in Resources */,
				6D441C4E20B47104009C5703 /* Assets.xcassets in Resources */,
				6D441C4C20B47104009C5703 /* Main.storyboard in Resources */,
			);
			runOnlyForDeploymentPostprocessing = 0;
		};
		6D441C5520B47104009C5703 /* Resources */ = {
			isa = PBXResourcesBuildPhase;
			buildActionMask = 2147483647;
			files = (
			);
			runOnlyForDeploymentPostprocessing = 0;
		};
		6D441C6020B47104009C5703 /* Resources */ = {
			isa = PBXResourcesBuildPhase;
			buildActionMask = 2147483647;
			files = (
			);
			runOnlyForDeploymentPostprocessing = 0;
		};
/* End PBXResourcesBuildPhase section */

/* Begin PBXSourcesBuildPhase section */
		6D441C3F20B47104009C5703 /* Sources */ = {
			isa = PBXSourcesBuildPhase;
			buildActionMask = 2147483647;
			files = (
				6D441C4920B47104009C5703 /* ViewController.swift in Sources */,
				6D441C4720B47104009C5703 /* AppDelegate.swift in Sources */,
			);
			runOnlyForDeploymentPostprocessing = 0;
		};
		6D441C5320B47104009C5703 /* Sources */ = {
			isa = PBXSourcesBuildPhase;
			buildActionMask = 2147483647;
			files = (
				6D441C5C20B47104009C5703 /* testForMemoryLeakTests.swift in Sources */,
			);
			runOnlyForDeploymentPostprocessing = 0;
		};
		6D441C5E20B47104009C5703 /* Sources */ = {
			isa = PBXSourcesBuildPhase;
			buildActionMask = 2147483647;
			files = (
				6D441C6720B47104009C5703 /* testForMemoryLeakUITests.swift in Sources */,
			);
			runOnlyForDeploymentPostprocessing = 0;
		};
/* End PBXSourcesBuildPhase section */

/* Begin PBXTargetDependency section */
		6D441C5920B47104009C5703 /* PBXTargetDependency */ = {
			isa = PBXTargetDependency;
			target = 6D441C4220B47104009C5703 /* testForMemoryLeak */;
			targetProxy = 6D441C5820B47104009C5703 /* PBXContainerItemProxy */;
		};
		6D441C6420B47104009C5703 /* PBXTargetDependency */ = {
			isa = PBXTargetDependency;
			target = 6D441C4220B47104009C5703 /* testForMemoryLeak */;
			targetProxy = 6D441C6320B47104009C5703 /* PBXContainerItemProxy */;
		};
/* End PBXTargetDependency section */

/* Begin PBXVariantGroup section */
		6D441C4A20B47104009C5703 /* Main.storyboard */ = {
			isa = PBXVariantGroup;
			children = (
				6D441C4B20B47104009C5703 /* Base */,
			);
			name = Main.storyboard;
			sourceTree = "<group>";
		};
		6D441C4F20B47104009C5703 /* LaunchScreen.storyboard */ = {
			isa = PBXVariantGroup;
			children = (
				6D441C5020B47104009C5703 /* Base */,
			);
			name = LaunchScreen.storyboard;
			sourceTree = "<group>";
		};
/* End PBXVariantGroup section */

/* Begin XCBuildConfiguration section */
		6D441C6920B47104009C5703 /* Debug */ = {
			isa = XCBuildConfiguration;
			buildSettings = {
				ALWAYS_SEARCH_USER_PATHS = NO;
				CLANG_ANALYZER_NONNULL = YES;
				CLANG_ANALYZER_NUMBER_OBJECT_CONVERSION = YES_AGGRESSIVE;
				CLANG_CXX_LANGUAGE_STANDARD = "gnu++14";
				CLANG_CXX_LIBRARY = "libc++";
				CLANG_ENABLE_MODULES = YES;
				CLANG_ENABLE_OBJC_ARC = YES;
				CLANG_WARN_BLOCK_CAPTURE_AUTORELEASING = YES;
				CLANG_WARN_BOOL_CONVERSION = YES;
				CLANG_WARN_COMMA = YES;
				CLANG_WARN_CONSTANT_CONVERSION = YES;
				CLANG_WARN_DIRECT_OBJC_ISA_USAGE = YES_ERROR;
				CLANG_WARN_DOCUMENTATION_COMMENTS = YES;
				CLANG_WARN_EMPTY_BODY = YES;
				CLANG_WARN_ENUM_CONVERSION = YES;
				CLANG_WARN_INFINITE_RECURSION = YES;
				CLANG_WARN_INT_CONVERSION = YES;
				CLANG_WARN_NON_LITERAL_NULL_CONVERSION = YES;
				CLANG_WARN_OBJC_LITERAL_CONVERSION = YES;
				CLANG_WARN_OBJC_ROOT_CLASS = YES_ERROR;
				CLANG_WARN_RANGE_LOOP_ANALYSIS = YES;
				CLANG_WARN_STRICT_PROTOTYPES = YES;
				CLANG_WARN_SUSPICIOUS_MOVE = YES;
				CLANG_WARN_UNGUARDED_AVAILABILITY = YES_AGGRESSIVE;
				CLANG_WARN_UNREACHABLE_CODE = YES;
				CLANG_WARN__DUPLICATE_METHOD_MATCH = YES;
				CODE_SIGN_IDENTITY = "iPhone Developer";
				COPY_PHASE_STRIP = NO;
				DEBUG_INFORMATION_FORMAT = dwarf;
				ENABLE_STRICT_OBJC_MSGSEND = YES;
				ENABLE_TESTABILITY = YES;
				GCC_C_LANGUAGE_STANDARD = gnu11;
				GCC_DYNAMIC_NO_PIC = NO;
				GCC_NO_COMMON_BLOCKS = YES;
				GCC_OPTIMIZATION_LEVEL = 0;
				GCC_PREPROCESSOR_DEFINITIONS = (
					"DEBUG=1",
					"$(inherited)",
				);
				GCC_WARN_64_TO_32_BIT_CONVERSION = YES;
				GCC_WARN_ABOUT_RETURN_TYPE = YES_ERROR;
				GCC_WARN_UNDECLARED_SELECTOR = YES;
				GCC_WARN_UNINITIALIZED_AUTOS = YES_AGGRESSIVE;
				GCC_WARN_UNUSED_FUNCTION = YES;
				GCC_WARN_UNUSED_VARIABLE = YES;
				IPHONEOS_DEPLOYMENT_TARGET = 11.2;
				MTL_ENABLE_DEBUG_INFO = YES;
				ONLY_ACTIVE_ARCH = YES;
				SDKROOT = iphoneos;
				SWIFT_ACTIVE_COMPILATION_CONDITIONS = DEBUG;
				SWIFT_OPTIMIZATION_LEVEL = "-Onone";
			};
			name = Debug;
		};
		6D441C6A20B47104009C5703 /* Release */ = {
			isa = XCBuildConfiguration;
			buildSettings = {
				ALWAYS_SEARCH_USER_PATHS = NO;
				CLANG_ANALYZER_NONNULL = YES;
				CLANG_ANALYZER_NUMBER_OBJECT_CONVERSION = YES_AGGRESSIVE;
				CLANG_CXX_LANGUAGE_STANDARD = "gnu++14";
				CLANG_CXX_LIBRARY = "libc++";
				CLANG_ENABLE_MODULES = YES;
				CLANG_ENABLE_OBJC_ARC = YES;
				CLANG_WARN_BLOCK_CAPTURE_AUTORELEASING = YES;
				CLANG_WARN_BOOL_CONVERSION = YES;
				CLANG_WARN_COMMA = YES;
				CLANG_WARN_CONSTANT_CONVERSION = YES;
				CLANG_WARN_DIRECT_OBJC_ISA_USAGE = YES_ERROR;
				CLANG_WARN_DOCUMENTATION_COMMENTS = YES;
				CLANG_WARN_EMPTY_BODY = YES;
				CLANG_WARN_ENUM_CONVERSION = YES;
				CLANG_WARN_INFINITE_RECURSION = YES;
				CLANG_WARN_INT_CONVERSION = YES;
				CLANG_WARN_NON_LITERAL_NULL_CONVERSION = YES;
				CLANG_WARN_OBJC_LITERAL_CONVERSION = YES;
				CLANG_WARN_OBJC_ROOT_CLASS = YES_ERROR;
				CLANG_WARN_RANGE_LOOP_ANALYSIS = YES;
				CLANG_WARN_STRICT_PROTOTYPES = YES;
				CLANG_WARN_SUSPICIOUS_MOVE = YES;
				CLANG_WARN_UNGUARDED_AVAILABILITY = YES_AGGRESSIVE;
				CLANG_WARN_UNREACHABLE_CODE = YES;
				CLANG_WARN__DUPLICATE_METHOD_MATCH = YES;
				CODE_SIGN_IDENTITY = "iPhone Developer";
				COPY_PHASE_STRIP = NO;
				DEBUG_INFORMATION_FORMAT = "dwarf-with-dsym";
				ENABLE_NS_ASSERTIONS = NO;
				ENABLE_STRICT_OBJC_MSGSEND = YES;
				GCC_C_LANGUAGE_STANDARD = gnu11;
				GCC_NO_COMMON_BLOCKS = YES;
				GCC_WARN_64_TO_32_BIT_CONVERSION = YES;
				GCC_WARN_ABOUT_RETURN_TYPE = YES_ERROR;
				GCC_WARN_UNDECLARED_SELECTOR = YES;
				GCC_WARN_UNINITIALIZED_AUTOS = YES_AGGRESSIVE;
				GCC_WARN_UNUSED_FUNCTION = YES;
				GCC_WARN_UNUSED_VARIABLE = YES;
				IPHONEOS_DEPLOYMENT_TARGET = 11.2;
				MTL_ENABLE_DEBUG_INFO = NO;
				SDKROOT = iphoneos;
				SWIFT_OPTIMIZATION_LEVEL = "-Owholemodule";
				VALIDATE_PRODUCT = YES;
			};
			name = Release;
		};
		6D441C6C20B47104009C5703 /* Debug */ = {
			isa = XCBuildConfiguration;
			buildSettings = {
				ASSETCATALOG_COMPILER_APPICON_NAME = AppIcon;
				CODE_SIGN_STYLE = Automatic;
				DEVELOPMENT_TEAM = RPE89YVE3Q;
				INFOPLIST_FILE = testForMemoryLeak/Info.plist;
				LD_RUNPATH_SEARCH_PATHS = "$(inherited) @executable_path/Frameworks";
				PRODUCT_BUNDLE_IDENTIFIER = kidnapper.testForMemoryLeak;
				PRODUCT_NAME = "$(TARGET_NAME)";
				SWIFT_VERSION = 4.0;
				TARGETED_DEVICE_FAMILY = "1,2";
			};
			name = Debug;
		};
		6D441C6D20B47104009C5703 /* Release */ = {
			isa = XCBuildConfiguration;
			buildSettings = {
				ASSETCATALOG_COMPILER_APPICON_NAME = AppIcon;
				CODE_SIGN_STYLE = Automatic;
				DEVELOPMENT_TEAM = RPE89YVE3Q;
				INFOPLIST_FILE = testForMemoryLeak/Info.plist;
				LD_RUNPATH_SEARCH_PATHS = "$(inherited) @executable_path/Frameworks";
				PRODUCT_BUNDLE_IDENTIFIER = kidnapper.testForMemoryLeak;
				PRODUCT_NAME = "$(TARGET_NAME)";
				SWIFT_VERSION = 4.0;
				TARGETED_DEVICE_FAMILY = "1,2";
			};
			name = Release;
		};
		6D441C6F20B47104009C5703 /* Debug */ = {
			isa = XCBuildConfiguration;
			buildSettings = {
				ALWAYS_EMBED_SWIFT_STANDARD_LIBRARIES = YES;
				BUNDLE_LOADER = "$(TEST_HOST)";
				CODE_SIGN_STYLE = Automatic;
				DEVELOPMENT_TEAM = RPE89YVE3Q;
				INFOPLIST_FILE = testForMemoryLeakTests/Info.plist;
				LD_RUNPATH_SEARCH_PATHS = "$(inherited) @executable_path/Frameworks @loader_path/Frameworks";
				PRODUCT_BUNDLE_IDENTIFIER = kidnapper.testForMemoryLeakTests;
				PRODUCT_NAME = "$(TARGET_NAME)";
				SWIFT_VERSION = 4.0;
				TARGETED_DEVICE_FAMILY = "1,2";
				TEST_HOST = "$(BUILT_PRODUCTS_DIR)/testForMemoryLeak.app/testForMemoryLeak";
			};
			name = Debug;
		};
		6D441C7020B47104009C5703 /* Release */ = {
			isa = XCBuildConfiguration;
			buildSettings = {
				ALWAYS_EMBED_SWIFT_STANDARD_LIBRARIES = YES;
				BUNDLE_LOADER = "$(TEST_HOST)";
				CODE_SIGN_STYLE = Automatic;
				DEVELOPMENT_TEAM = RPE89YVE3Q;
				INFOPLIST_FILE = testForMemoryLeakTests/Info.plist;
				LD_RUNPATH_SEARCH_PATHS = "$(inherited) @executable_path/Frameworks @loader_path/Frameworks";
				PRODUCT_BUNDLE_IDENTIFIER = kidnapper.testForMemoryLeakTests;
				PRODUCT_NAME = "$(TARGET_NAME)";
				SWIFT_VERSION = 4.0;
				TARGETED_DEVICE_FAMILY = "1,2";
				TEST_HOST = "$(BUILT_PRODUCTS_DIR)/testForMemoryLeak.app/testForMemoryLeak";
			};
			name = Release;
		};
		6D441C7220B47104009C5703 /* Debug */ = {
			isa = XCBuildConfiguration;
			buildSettings = {
				ALWAYS_EMBED_SWIFT_STANDARD_LIBRARIES = YES;
				CODE_SIGN_STYLE = Automatic;
				DEVELOPMENT_TEAM = RPE89YVE3Q;
				INFOPLIST_FILE = testForMemoryLeakUITests/Info.plist;
				LD_RUNPATH_SEARCH_PATHS = "$(inherited) @executable_path/Frameworks @loader_path/Frameworks";
				PRODUCT_BUNDLE_IDENTIFIER = kidnapper.testForMemoryLeakUITests;
				PRODUCT_NAME = "$(TARGET_NAME)";
				SWIFT_VERSION = 4.0;
				TARGETED_DEVICE_FAMILY = "1,2";
				TEST_TARGET_NAME = testForMemoryLeak;
			};
			name = Debug;
		};
		6D441C7320B47104009C5703 /* Release */ = {
			isa = XCBuildConfiguration;
			buildSettings = {
				ALWAYS_EMBED_SWIFT_STANDARD_LIBRARIES = YES;
				CODE_SIGN_STYLE = Automatic;
				DEVELOPMENT_TEAM = RPE89YVE3Q;
				INFOPLIST_FILE = testForMemoryLeakUITests/Info.plist;
				LD_RUNPATH_SEARCH_PATHS = "$(inherited) @executable_path/Frameworks @loader_path/Frameworks";
				PRODUCT_BUNDLE_IDENTIFIER = kidnapper.testForMemoryLeakUITests;
				PRODUCT_NAME = "$(TARGET_NAME)";
				SWIFT_VERSION = 4.0;
				TARGETED_DEVICE_FAMILY = "1,2";
				TEST_TARGET_NAME = testForMemoryLeak;
			};
			name = Release;
		};
/* End XCBuildConfiguration section */

/* Begin XCConfigurationList section */
		6D441C3E20B47104009C5703 /* Build configuration list for PBXProject "testForMemoryLeak" */ = {
			isa = XCConfigurationList;
			buildConfigurations = (
				6D441C6920B47104009C5703 /* Debug */,
				6D441C6A20B47104009C5703 /* Release */,
			);
			defaultConfigurationIsVisible = 0;
			defaultConfigurationName = Release;
		};
		6D441C6B20B47104009C5703 /* Build configuration list for PBXNativeTarget "testForMemoryLeak" */ = {
			isa = XCConfigurationList;
			buildConfigurations = (
				6D441C6C20B47104009C5703 /* Debug */,
				6D441C6D20B47104009C5703 /* Release */,
			);
			defaultConfigurationIsVisible = 0;
			defaultConfigurationName = Release;
		};
		6D441C6E20B47104009C5703 /* Build configuration list for PBXNativeTarget "testForMemoryLeakTests" */ = {
			isa = XCConfigurationList;
			buildConfigurations = (
				6D441C6F20B47104009C5703 /* Debug */,
				6D441C7020B47104009C5703 /* Release */,
			);
			defaultConfigurationIsVisible = 0;
			defaultConfigurationName = Release;
		};
		6D441C7120B47104009C5703 /* Build configuration list for PBXNativeTarget "testForMemoryLeakUITests" */ = {
			isa = XCConfigurationList;
			buildConfigurations = (
				6D441C7220B47104009C5703 /* Debug */,
				6D441C7320B47104009C5703 /* Release */,
			);
			defaultConfigurationIsVisible = 0;
			defaultConfigurationName = Release;
		};
/* End XCConfigurationList section */
	};
	rootObject = 6D441C3B20B47104009C5703 /* Project object */;
}
